
Microsoft Visual Studio Solution File, Format Version 12.00
# Visual Studio Version 16
VisualStudioVersion = 16.0.30503.244
MinimumVisualStudioVersion = 10.0.40219.1
Project("{8BC9CEB8-8B4A-11D0-8D11-00A0C91BC942}") = "Week 1", "Week 1\Week 1.vcxproj", "{DD8B5696-B9E1-4B2A-B73E-5B3F39B937FD}"
EndProject
Project("{8BC9CEB8-8B4A-11D0-8D11-00A0C91BC942}") = "Week 2", "Week 2\Week 2.vcxproj", "{9ADB8678-0CA1-4F8D-90FB-BC98FD98FFDD}"
EndProject
Project("{8BC9CEB8-8B4A-11D0-8D11-00A0C91BC942}") = "Week 3", "Week 3\Week 3.vcxproj", "{6CEC204F-8ACD-4AD9-BF78-91CC2786BE8C}"
EndProject
Project("{8BC9CEB8-8B4A-11D0-8D11-00A0C91BC942}") = "Week 4", "Week 4\Week 4.vcxproj", "{8A6C580B-BBEC-454F-A287-D895C161BFD6}"
EndProject
Project("{8BC9CEB8-8B4A-11D0-8D11-00A0C91BC942}") = "Week 5", "Week 5\Week 5.vcxproj", "{01E1C320-AB5F-4E1B-B330-51385E3FBCAD}"
EndProject
Project("{8BC9CEB8-8B4A-11D0-8D11-00A0C91BC942}") = "Week 6", "Week 6\Week 6.vcxproj", "{D3DB04E8-D900-4895-B2E7-85A9982914A7}"
EndProject
Project("{8BC9CEB8-8B4A-11D0-8D11-00A0C91BC942}") = "Week 9", "Week 9\Week 9.vcxproj", "{145363DD-87A5-4404-8DC0-A787B086C1A4}"
EndProject
Project("{8BC9CEB8-8B4A-11D0-8D11-00A0C91BC942}") = "Week 10", "Week 10\Week 10.vcxproj", "{FAC405ED-050F-487E-A1DC-B3A36267375F}"
EndProject
Project("{8BC9CEB8-8B4A-11D0-8D11-00A0C91BC942}") = "Week 11", "Week 11\Week 11.vcxproj", "{455C0E5F-FC35-4A56-AE17-9132FC57726A}"
EndProject
Project("{8BC9CEB8-8B4A-11D0-8D11-00A0C91BC942}") = "Week 12", "Week 12\Week 12.vcxproj", "{EAEFC241-2C77-4999-BB07-0BF2896C5A77}"
EndProject
Global
	GlobalSection(SolutionConfigurationPlatforms) = preSolution
		Debug|x64 = Debug|x64
		Debug|x86 = Debug|x86
		Release|x64 = Release|x64
		Release|x86 = Release|x86
	EndGlobalSection
	GlobalSection(ProjectConfigurationPlatforms) = postSolution
		{DD8B5696-B9E1-4B2A-B73E-5B3F39B937FD}.Debug|x64.ActiveCfg = Debug|x64
		{DD8B5696-B9E1-4B2A-B73E-5B3F39B937FD}.Debug|x64.Build.0 = Debug|x64
		{DD8B5696-B9E1-4B2A-B73E-5B3F39B937FD}.Debug|x86.ActiveCfg = Debug|Win32
		{DD8B5696-B9E1-4B2A-B73E-5B3F39B937FD}.Debug|x86.Build.0 = Debug|Win32
		{DD8B5696-B9E1-4B2A-B73E-5B3F39B937FD}.Release|x64.ActiveCfg = Release|x64
		{DD8B5696-B9E1-4B2A-B73E-5B3F39B937FD}.Release|x64.Build.0 = Release|x64
		{DD8B5696-B9E1-4B2A-B73E-5B3F39B937FD}.Release|x86.ActiveCfg = Release|Win32
		{DD8B5696-B9E1-4B2A-B73E-5B3F39B937FD}.Release|x86.Build.0 = Release|Win32
		{9ADB8678-0CA1-4F8D-90FB-BC98FD98FFDD}.Debug|x64.ActiveCfg = Debug|x64
		{9ADB8678-0CA1-4F8D-90FB-BC98FD98FFDD}.Debug|x64.Build.0 = Debug|x64
		{9ADB8678-0CA1-4F8D-90FB-BC98FD98FFDD}.Debug|x86.ActiveCfg = Debug|Win32
		{9ADB8678-0CA1-4F8D-90FB-BC98FD98FFDD}.Debug|x86.Build.0 = Debug|Win32
		{9ADB8678-0CA1-4F8D-90FB-BC98FD98FFDD}.Release|x64.ActiveCfg = Release|x64
		{9ADB8678-0CA1-4F8D-90FB-BC98FD98FFDD}.Release|x64.Build.0 = Release|x64
		{9ADB8678-0CA1-4F8D-90FB-BC98FD98FFDD}.Release|x86.ActiveCfg = Release|Win32
		{9ADB8678-0CA1-4F8D-90FB-BC98FD98FFDD}.Release|x86.Build.0 = Release|Win32
		{6CEC204F-8ACD-4AD9-BF78-91CC2786BE8C}.Debug|x64.ActiveCfg = Debug|x64
		{6CEC204F-8ACD-4AD9-BF78-91CC2786BE8C}.Debug|x64.Build.0 = Debug|x64
		{6CEC204F-8ACD-4AD9-BF78-91CC2786BE8C}.Debug|x86.ActiveCfg = Debug|Win32
		{6CEC204F-8ACD-4AD9-BF78-91CC2786BE8C}.Debug|x86.Build.0 = Debug|Win32
		{6CEC204F-8ACD-4AD9-BF78-91CC2786BE8C}.Release|x64.ActiveCfg = Release|x64
		{6CEC204F-8ACD-4AD9-BF78-91CC2786BE8C}.Release|x64.Build.0 = Release|x64
		{6CEC204F-8ACD-4AD9-BF78-91CC2786BE8C}.Release|x86.ActiveCfg = Release|Win32
		{6CEC204F-8ACD-4AD9-BF78-91CC2786BE8C}.Release|x86.Build.0 = Release|Win32
		{8A6C580B-BBEC-454F-A287-D895C161BFD6}.Debug|x64.ActiveCfg = Debug|x64
		{8A6C580B-BBEC-454F-A287-D895C161BFD6}.Debug|x64.Build.0 = Debug|x64
		{8A6C580B-BBEC-454F-A287-D895C161BFD6}.Debug|x86.ActiveCfg = Debug|Win32
		{8A6C580B-BBEC-454F-A287-D895C161BFD6}.Debug|x86.Build.0 = Debug|Win32
		{8A6C580B-BBEC-454F-A287-D895C161BFD6}.Release|x64.ActiveCfg = Release|x64
		{8A6C580B-BBEC-454F-A287-D895C161BFD6}.Release|x64.Build.0 = Release|x64
		{8A6C580B-BBEC-454F-A287-D895C161BFD6}.Release|x86.ActiveCfg = Release|Win32
		{8A6C580B-BBEC-454F-A287-D895C161BFD6}.Release|x86.Build.0 = Release|Win32
		{01E1C320-AB5F-4E1B-B330-51385E3FBCAD}.Debug|x64.ActiveCfg = Debug|x64
		{01E1C320-AB5F-4E1B-B330-51385E3FBCAD}.Debug|x64.Build.0 = Debug|x64
		{01E1C320-AB5F-4E1B-B330-51385E3FBCAD}.Debug|x86.ActiveCfg = Debug|Win32
		{01E1C320-AB5F-4E1B-B330-51385E3FBCAD}.Debug|x86.Build.0 = Debug|Win32
		{01E1C320-AB5F-4E1B-B330-51385E3FBCAD}.Release|x64.ActiveCfg = Release|x64
		{01E1C320-AB5F-4E1B-B330-51385E3FBCAD}.Release|x64.Build.0 = Release|x64
		{01E1C320-AB5F-4E1B-B330-51385E3FBCAD}.Release|x86.ActiveCfg = Release|Win32
		{01E1C320-AB5F-4E1B-B330-51385E3FBCAD}.Release|x86.Build.0 = Release|Win32
		{D3DB04E8-D900-4895-B2E7-85A9982914A7}.Debug|x64.ActiveCfg = Debug|x64
		{D3DB04E8-D900-4895-B2E7-85A9982914A7}.Debug|x64.Build.0 = Debug|x64
		{D3DB04E8-D900-4895-B2E7-85A9982914A7}.Debug|x86.ActiveCfg = Debug|Win32
		{D3DB04E8-D900-4895-B2E7-85A9982914A7}.Debug|x86.Build.0 = Debug|Win32
		{D3DB04E8-D900-4895-B2E7-85A9982914A7}.Release|x64.ActiveCfg = Release|x64
		{D3DB04E8-D900-4895-B2E7-85A9982914A7}.Release|x64.Build.0 = Release|x64
		{D3DB04E8-D900-4895-B2E7-85A9982914A7}.Release|x86.ActiveCfg = Release|Win32
		{D3DB04E8-D900-4895-B2E7-85A9982914A7}.Release|x86.Build.0 = Release|Win32
		{145363DD-87A5-4404-8DC0-A787B086C1A4}.Debug|x64.ActiveCfg = Debug|x64
		{145363DD-87A5-4404-8DC0-A787B086C1A4}.Debug|x64.Build.0 = Debug|x64
		{145363DD-87A5-4404-8DC0-A787B086C1A4}.Debug|x86.ActiveCfg = Debug|Win32
		{145363DD-87A5-4404-8DC0-A787B086C1A4}.Debug|x86.Build.0 = Debug|Win32
		{145363DD-87A5-4404-8DC0-A787B086C1A4}.Release|x64.ActiveCfg = Release|x64
		{145363DD-87A5-4404-8DC0-A787B086C1A4}.Release|x64.Build.0 = Release|x64
		{145363DD-87A5-4404-8DC0-A787B086C1A4}.Release|x86.ActiveCfg = Release|Win32
		{145363DD-87A5-4404-8DC0-A787B086C1A4}.Release|x86.Build.0 = Release|Win32
		{FAC405ED-050F-487E-A1DC-B3A36267375F}.Debug|x64.ActiveCfg = Debug|x64
		{FAC405ED-050F-487E-A1DC-B3A36267375F}.Debug|x64.Build.0 = Debug|x64
		{FAC405ED-050F-487E-A1DC-B3A36267375F}.Debug|x86.ActiveCfg = Debug|Win32
		{FAC405ED-050F-487E-A1DC-B3A36267375F}.Debug|x86.Build.0 = Debug|Win32
		{FAC405ED-050F-487E-A1DC-B3A36267375F}.Release|x64.ActiveCfg = Release|x64
		{FAC405ED-050F-487E-A1DC-B3A36267375F}.Release|x64.Build.0 = Release|x64
		{FAC405ED-050F-487E-A1DC-B3A36267375F}.Release|x86.ActiveCfg = Release|Win32
		{FAC405ED-050F-487E-A1DC-B3A36267375F}.Release|x86.Build.0 = Release|Win32
		{455C0E5F-FC35-4A56-AE17-9132FC57726A}.Debug|x64.ActiveCfg = Debug|x64
		{455C0E5F-FC35-4A56-AE17-9132FC57726A}.Debug|x64.Build.0 = Debug|x64
		{455C0E5F-FC35-4A56-AE17-9132FC57726A}.Debug|x86.ActiveCfg = Debug|Win32
		{455C0E5F-FC35-4A56-AE17-9132FC57726A}.Debug|x86.Build.0 = Debug|Win32
		{455C0E5F-FC35-4A56-AE17-9132FC57726A}.Release|x64.ActiveCfg = Release|x64
		{455C0E5F-FC35-4A56-AE17-9132FC57726A}.Release|x64.Build.0 = Release|x64
		{455C0E5F-FC35-4A56-AE17-9132FC57726A}.Release|x86.ActiveCfg = Release|Win32
		{455C0E5F-FC35-4A56-AE17-9132FC57726A}.Release|x86.Build.0 = Release|Win32
		{EAEFC241-2C77-4999-BB07-0BF2896C5A77}.Debug|x64.ActiveCfg = Debug|x64
		{EAEFC241-2C77-4999-BB07-0BF2896C5A77}.Debug|x64.Build.0 = Debug|x64
		{EAEFC241-2C77-4999-BB07-0BF2896C5A77}.Debug|x86.ActiveCfg = Debug|Win32
		{EAEFC241-2C77-4999-BB07-0BF2896C5A77}.Debug|x86.Build.0 = Debug|Win32
		{EAEFC241-2C77-4999-BB07-0BF2896C5A77}.Release|x64.ActiveCfg = Release|x64
		{EAEFC241-2C77-4999-BB07-0BF2896C5A77}.Release|x64.Build.0 = Release|x64
		{EAEFC241-2C77-4999-BB07-0BF2896C5A77}.Release|x86.ActiveCfg = Release|Win32
		{EAEFC241-2C77-4999-BB07-0BF2896C5A77}.Release|x86.Build.0 = Release|Win32
	EndGlobalSection
	GlobalSection(SolutionProperties) = preSolution
		HideSolutionNode = FALSE
	EndGlobalSection
	GlobalSection(ExtensibilityGlobals) = postSolution
		SolutionGuid = {63269871-5338-4270-BB0A-34178B6C40CB}
	EndGlobalSection
EndGlobal
